
Microsoft Visual Studio Solution File, Format Version 12.00
# Visual Studio 14
VisualStudioVersion = 14.0.25123.0
MinimumVisualStudioVersion = 10.0.40219.1
Project("{FAE04EC0-301F-11D3-BF4B-00C04F79EFBC}") = "SOLIDPrinciples.Infrastructure", "SOLIDPrinciples.Infrastructure\SOLIDPrinciples.Infrastructure.csproj", "{384B1B42-8CF3-4DEC-A03E-BABC86B4A1F6}"
EndProject
Project("{FAE04EC0-301F-11D3-BF4B-00C04F79EFBC}") = "SOLIDPrinciples.Core", "SOLIDPrinciples.Core\SOLIDPrinciples.Core.csproj", "{29FA0074-8B8B-4C7A-823A-4BE90DFFE25F}"
EndProject
Global
	GlobalSection(SolutionConfigurationPlatforms) = preSolution
		Debug|Any CPU = Debug|Any CPU
		Release|Any CPU = Release|Any CPU
	EndGlobalSection
	GlobalSection(ProjectConfigurationPlatforms) = postSolution
		{384B1B42-8CF3-4DEC-A03E-BABC86B4A1F6}.Debug|Any CPU.ActiveCfg = Debug|Any CPU
		{384B1B42-8CF3-4DEC-A03E-BABC86B4A1F6}.Debug|Any CPU.Build.0 = Debug|Any CPU
		{384B1B42-8CF3-4DEC-A03E-BABC86B4A1F6}.Release|Any CPU.ActiveCfg = Release|Any CPU
		{384B1B42-8CF3-4DEC-A03E-BABC86B4A1F6}.Release|Any CPU.Build.0 = Release|Any CPU
		{29FA0074-8B8B-4C7A-823A-4BE90DFFE25F}.Debug|Any CPU.ActiveCfg = Debug|Any CPU
		{29FA0074-8B8B-4C7A-823A-4BE90DFFE25F}.Debug|Any CPU.Build.0 = Debug|Any CPU
		{29FA0074-8B8B-4C7A-823A-4BE90DFFE25F}.Release|Any CPU.ActiveCfg = Release|Any CPU
		{29FA0074-8B8B-4C7A-823A-4BE90DFFE25F}.Release|Any CPU.Build.0 = Release|Any CPU
	EndGlobalSection
	GlobalSection(SolutionProperties) = preSolution
		HideSolutionNode = FALSE
	EndGlobalSection
EndGlobal
